
Microsoft Visual Studio Solution File, Format Version 12.00
# Visual Studio Version 16
VisualStudioVersion = 16.0.28917.181
MinimumVisualStudioVersion = 10.0.40219.1
Project("{FAE04EC0-301F-11D3-BF4B-00C04F79EFBC}") = "TeaBagMaker", "TeaBagMaker\TeaBagMaker.csproj", "{40B3BBC0-69D5-4EA4-858A-47327B6534E1}"
EndProject
Global
	GlobalSection(SolutionConfigurationPlatforms) = preSolution
		Debug|Any CPU = Debug|Any CPU
		Release|Any CPU = Release|Any CPU
	EndGlobalSection
	GlobalSection(ProjectConfigurationPlatforms) = postSolution
		{40B3BBC0-69D5-4EA4-858A-47327B6534E1}.Debug|Any CPU.ActiveCfg = Debug|Any CPU
		{40B3BBC0-69D5-4EA4-858A-47327B6534E1}.Debug|Any CPU.Build.0 = Debug|Any CPU
		{40B3BBC0-69D5-4EA4-858A-47327B6534E1}.Release|Any CPU.ActiveCfg = Release|Any CPU
		{40B3BBC0-69D5-4EA4-858A-47327B6534E1}.Release|Any CPU.Build.0 = Release|Any CPU
	EndGlobalSection
	GlobalSection(SolutionProperties) = preSolution
		HideSolutionNode = FALSE
	EndGlobalSection
	GlobalSection(ExtensibilityGlobals) = postSolution
		SolutionGuid = {12B178C9-6F0D-4892-8E6C-8B3C5D471C56}
	EndGlobalSection
EndGlobal
